// !$*UTF8*$!
{
	archiveVersion = 1;
	classes = {
	};
	objectVersion = 56;
	objects = {

/* Begin PBXBuildFile section */
		2E08529D2949E98200C6AC0C /* BaseOnboardViewController.swift in Sources */ = {isa = PBXBuildFile; fileRef = 2E08529C2949E98200C6AC0C /* BaseOnboardViewController.swift */; };
		2E08529F294A19C300C6AC0C /* UIButton+Configuration.swift in Sources */ = {isa = PBXBuildFile; fileRef = 2E08529E294A19C300C6AC0C /* UIButton+Configuration.swift */; };
		2E0852A1294B5E6700C6AC0C /* NewFamilyViewController.swift in Sources */ = {isa = PBXBuildFile; fileRef = 2E0852A0294B5E6700C6AC0C /* NewFamilyViewController.swift */; };
		2E0852A3294B5EA300C6AC0C /* NewFamilyReactor.swift in Sources */ = {isa = PBXBuildFile; fileRef = 2E0852A2294B5EA300C6AC0C /* NewFamilyReactor.swift */; };
		2E0852A5294B6C3300C6AC0C /* FamilyNameValidationState.swift in Sources */ = {isa = PBXBuildFile; fileRef = 2E0852A4294B6C3300C6AC0C /* FamilyNameValidationState.swift */; };
		2E0852A9294C8C2C00C6AC0C /* CGRect+One.swift in Sources */ = {isa = PBXBuildFile; fileRef = 2E0852A8294C8C2C00C6AC0C /* CGRect+One.swift */; };
		2E0852AB294C967200C6AC0C /* PetListCell.swift in Sources */ = {isa = PBXBuildFile; fileRef = 2E0852AA294C967200C6AC0C /* PetListCell.swift */; };
		2E0852AD294C967E00C6AC0C /* PetListCellReactor.swift in Sources */ = {isa = PBXBuildFile; fileRef = 2E0852AC294C967E00C6AC0C /* PetListCellReactor.swift */; };
		2E0852AF294C96D100C6AC0C /* BaseTableViewCell.swift in Sources */ = {isa = PBXBuildFile; fileRef = 2E0852AE294C96D100C6AC0C /* BaseTableViewCell.swift */; };
		2E0852B1294CA45B00C6AC0C /* Pet.swift in Sources */ = {isa = PBXBuildFile; fileRef = 2E0852B0294CA45B00C6AC0C /* Pet.swift */; };
		2E0852B3294DF1F200C6AC0C /* PetListSection.swift in Sources */ = {isa = PBXBuildFile; fileRef = 2E0852B2294DF1F200C6AC0C /* PetListSection.swift */; };
		2E0F3279293E08F500127438 /* AppDelegate.swift in Sources */ = {isa = PBXBuildFile; fileRef = 2E0F3278293E08F500127438 /* AppDelegate.swift */; };
		2E0F327B293E08F500127438 /* SceneDelegate.swift in Sources */ = {isa = PBXBuildFile; fileRef = 2E0F327A293E08F500127438 /* SceneDelegate.swift */; };
		2E0F3282293E08F600127438 /* Assets.xcassets in Resources */ = {isa = PBXBuildFile; fileRef = 2E0F3281293E08F600127438 /* Assets.xcassets */; };
		2E0F3285293E08F600127438 /* LaunchScreen.storyboard in Resources */ = {isa = PBXBuildFile; fileRef = 2E0F3283293E08F600127438 /* LaunchScreen.storyboard */; };
		2E686676293F481000FBB057 /* ModalViewController.swift in Sources */ = {isa = PBXBuildFile; fileRef = 2E686675293F481000FBB057 /* ModalViewController.swift */; };
		2E68667D293F506400FBB057 /* PetSelectorView.swift in Sources */ = {isa = PBXBuildFile; fileRef = 2E68667C293F506400FBB057 /* PetSelectorView.swift */; };
		2E686680293F59E600FBB057 /* RxGesture in Frameworks */ = {isa = PBXBuildFile; productRef = 2E68667F293F59E600FBB057 /* RxGesture */; };
		2E6866852941CA3200FBB057 /* TaskListCell.swift in Sources */ = {isa = PBXBuildFile; fileRef = 2E6866842941CA3200FBB057 /* TaskListCell.swift */; };
		2E6866882941CFE600FBB057 /* Task.swift in Sources */ = {isa = PBXBuildFile; fileRef = 2E6866872941CFE600FBB057 /* Task.swift */; };
		2E68668C2941D2A500FBB057 /* TaskListCellReactor.swift in Sources */ = {isa = PBXBuildFile; fileRef = 2E68668B2941D2A500FBB057 /* TaskListCellReactor.swift */; };
		2E68668F2941E12700FBB057 /* BaseCollectionViewCell.swift in Sources */ = {isa = PBXBuildFile; fileRef = 2E68668E2941E12700FBB057 /* BaseCollectionViewCell.swift */; };
		2E6866912941F9DE00FBB057 /* BaseFloatingButton.swift in Sources */ = {isa = PBXBuildFile; fileRef = 2E6866902941F9DE00FBB057 /* BaseFloatingButton.swift */; };
		2E6866932941FC3300FBB057 /* FloatingButton.swift in Sources */ = {isa = PBXBuildFile; fileRef = 2E6866922941FC3300FBB057 /* FloatingButton.swift */; };
		2E68669C2942CC7100FBB057 /* MockService.swift in Sources */ = {isa = PBXBuildFile; fileRef = 2E68669B2942CC7100FBB057 /* MockService.swift */; };
		2E68669E2943446200FBB057 /* UserDefaultsService.swift in Sources */ = {isa = PBXBuildFile; fileRef = 2E68669D2943446200FBB057 /* UserDefaultsService.swift */; };
		2E6866A02943472300FBB057 /* TaskService.swift in Sources */ = {isa = PBXBuildFile; fileRef = 2E68669F2943472300FBB057 /* TaskService.swift */; };
		2E6866A629438DAA00FBB057 /* GoogleService-Info.plist in Resources */ = {isa = PBXBuildFile; fileRef = 2E6866A529438DAA00FBB057 /* GoogleService-Info.plist */; };
		2E6866B5294397B700FBB057 /* TaskDTO.swift in Sources */ = {isa = PBXBuildFile; fileRef = 2E6866B4294397B700FBB057 /* TaskDTO.swift */; };
		2E6866B92943B43700FBB057 /* UserDTO.swift in Sources */ = {isa = PBXBuildFile; fileRef = 2E6866B82943B43700FBB057 /* UserDTO.swift */; };
		2E6866BD2945E6A500FBB057 /* FirebaseRepository.swift in Sources */ = {isa = PBXBuildFile; fileRef = 2E6866BC2945E6A500FBB057 /* FirebaseRepository.swift */; };
		2E6866BF2945E86900FBB057 /* User.swift in Sources */ = {isa = PBXBuildFile; fileRef = 2E6866BE2945E86900FBB057 /* User.swift */; };
		2E6A6FE629597874003EFACF /* UserDefault.swift in Sources */ = {isa = PBXBuildFile; fileRef = 2E6A6FE529597874003EFACF /* UserDefault.swift */; };
		2E6A6FE829598FEF003EFACF /* AppData.swift in Sources */ = {isa = PBXBuildFile; fileRef = 2E6A6FE729598FEF003EFACF /* AppData.swift */; };
		2E6A6FEB2959A0BE003EFACF /* OrderedCollections in Frameworks */ = {isa = PBXBuildFile; productRef = 2E6A6FEA2959A0BE003EFACF /* OrderedCollections */; };
		2E6A6FED2959A541003EFACF /* NameValidate.swift in Sources */ = {isa = PBXBuildFile; fileRef = 2E6A6FEC2959A541003EFACF /* NameValidate.swift */; };
		2E8CA069294FE6C800CF2668 /* RxKeyboard in Frameworks */ = {isa = PBXBuildFile; productRef = 2E8CA068294FE6C800CF2668 /* RxKeyboard */; };
		2E8CA06B29509F1C00CF2668 /* AddPetViewController.swift in Sources */ = {isa = PBXBuildFile; fileRef = 2E8CA06A29509F1C00CF2668 /* AddPetViewController.swift */; };
		2E8CA06D2950AA5500CF2668 /* ModalType.swift in Sources */ = {isa = PBXBuildFile; fileRef = 2E8CA06C2950AA5500CF2668 /* ModalType.swift */; };
		2E8CA06F2951684300CF2668 /* Species.swift in Sources */ = {isa = PBXBuildFile; fileRef = 2E8CA06E2951684300CF2668 /* Species.swift */; };
		2E8CA07129516F5600CF2668 /* SpeciesCell.swift in Sources */ = {isa = PBXBuildFile; fileRef = 2E8CA07029516F5600CF2668 /* SpeciesCell.swift */; };
		2E8CA07329521AB200CF2668 /* SpeciesSection.swift in Sources */ = {isa = PBXBuildFile; fileRef = 2E8CA07229521AB200CF2668 /* SpeciesSection.swift */; };
		2E8CA0752953FEE700CF2668 /* AddPetReactor.swift in Sources */ = {isa = PBXBuildFile; fileRef = 2E8CA0742953FEE700CF2668 /* AddPetReactor.swift */; };
		2E8CA0782954126300CF2668 /* Differentiator in Frameworks */ = {isa = PBXBuildFile; productRef = 2E8CA0772954126300CF2668 /* Differentiator */; };
		2E8CA07A2954126300CF2668 /* RxDataSources in Frameworks */ = {isa = PBXBuildFile; productRef = 2E8CA0792954126300CF2668 /* RxDataSources */; };
		2E8CA0822955B31A00CF2668 /* CoordinatorFinishDelegate.swift in Sources */ = {isa = PBXBuildFile; fileRef = 2E8CA0812955B31A00CF2668 /* CoordinatorFinishDelegate.swift */; };
		2E8CA0842955B51B00CF2668 /* CoordinatorType.swift in Sources */ = {isa = PBXBuildFile; fileRef = 2E8CA0832955B51B00CF2668 /* CoordinatorType.swift */; };
		2E8CA08B2955C7EC00CF2668 /* AddPetCoordinator.swift in Sources */ = {isa = PBXBuildFile; fileRef = 2E8CA08A2955C7EC00CF2668 /* AddPetCoordinator.swift */; };
		2E8CA090295622D300CF2668 /* FirebaseStoreService.swift in Sources */ = {isa = PBXBuildFile; fileRef = 2E8CA08F295622D300CF2668 /* FirebaseStoreService.swift */; };
		2E8CA0922958C12A00CF2668 /* PetDTO.swift in Sources */ = {isa = PBXBuildFile; fileRef = 2E8CA0912958C12A00CF2668 /* PetDTO.swift */; };
		2E8CA09C2958D7DD00CF2668 /* FirebaseStorage in Frameworks */ = {isa = PBXBuildFile; productRef = 2E8CA09B2958D7DD00CF2668 /* FirebaseStorage */; };
		2E8CA09E2958DC5600CF2668 /* UIImage+Conversion.swift in Sources */ = {isa = PBXBuildFile; fileRef = 2E8CA09D2958DC5600CF2668 /* UIImage+Conversion.swift */; };
		2E8CA0A02958DCAD00CF2668 /* String+Conversion.swift in Sources */ = {isa = PBXBuildFile; fileRef = 2E8CA09F2958DCAD00CF2668 /* String+Conversion.swift */; };
		2E936604293E2D2300840A2A /* UserDefaultsKey.swift in Sources */ = {isa = PBXBuildFile; fileRef = 2E936603293E2D2300840A2A /* UserDefaultsKey.swift */; };
		2E93660A293F124F00840A2A /* UIColor+Hex.swift in Sources */ = {isa = PBXBuildFile; fileRef = 2E936609293F124F00840A2A /* UIColor+Hex.swift */; };
		2E93660C293F155300840A2A /* BrandColor.swift in Sources */ = {isa = PBXBuildFile; fileRef = 2E93660B293F155300840A2A /* BrandColor.swift */; };
		2EC2DDAC2949C514003A6219 /* JoinViewController.swift in Sources */ = {isa = PBXBuildFile; fileRef = 2EC2DDAB2949C514003A6219 /* JoinViewController.swift */; };
		2EC2DDAE2949C548003A6219 /* JoinReactor.swift in Sources */ = {isa = PBXBuildFile; fileRef = 2EC2DDAD2949C548003A6219 /* JoinReactor.swift */; };
		2EC9695C293E208A00775EF1 /* Coordinator.swift in Sources */ = {isa = PBXBuildFile; fileRef = 2EC9695B293E208A00775EF1 /* Coordinator.swift */; };
		2EC9695E293E209400775EF1 /* AppCoordinator.swift in Sources */ = {isa = PBXBuildFile; fileRef = 2EC9695D293E209400775EF1 /* AppCoordinator.swift */; };
		2EC96963293E20C500775EF1 /* HomeCoordinator.swift in Sources */ = {isa = PBXBuildFile; fileRef = 2EC96962293E20C500775EF1 /* HomeCoordinator.swift */; };
		2EC96965293E20F000775EF1 /* HomeViewController.swift in Sources */ = {isa = PBXBuildFile; fileRef = 2EC96964293E20F000775EF1 /* HomeViewController.swift */; };
		2EC96968293E216900775EF1 /* BaseViewController.swift in Sources */ = {isa = PBXBuildFile; fileRef = 2EC96967293E216900775EF1 /* BaseViewController.swift */; };
		2EC9696A293E235300775EF1 /* HomeViewReactor.swift in Sources */ = {isa = PBXBuildFile; fileRef = 2EC96969293E235300775EF1 /* HomeViewReactor.swift */; };
		2EF2A94329481141003BD4A1 /* Family.swift in Sources */ = {isa = PBXBuildFile; fileRef = 2EF2A94229481141003BD4A1 /* Family.swift */; };
		2EF2A945294817A4003BD4A1 /* BaseTextField.swift in Sources */ = {isa = PBXBuildFile; fileRef = 2EF2A944294817A4003BD4A1 /* BaseTextField.swift */; };
		2EF2A94C29482CF8003BD4A1 /* FirestoreService.swift in Sources */ = {isa = PBXBuildFile; fileRef = 2EF2A94B29482CF8003BD4A1 /* FirestoreService.swift */; };
		2EF2A94E29482ED0003BD4A1 /* FirestoreConstants.swift in Sources */ = {isa = PBXBuildFile; fileRef = 2EF2A94D29482ED0003BD4A1 /* FirestoreConstants.swift */; };
		2EF2A95029483161003BD4A1 /* FirestoreValues.swift in Sources */ = {isa = PBXBuildFile; fileRef = 2EF2A94F29483161003BD4A1 /* FirestoreValues.swift */; };
		2EF2A95229483781003BD4A1 /* FamilyDTO.swift in Sources */ = {isa = PBXBuildFile; fileRef = 2EF2A95129483781003BD4A1 /* FamilyDTO.swift */; };
		2EF2A954294866B1003BD4A1 /* ValidationState.swift in Sources */ = {isa = PBXBuildFile; fileRef = 2EF2A953294866B1003BD4A1 /* ValidationState.swift */; };
		2EF2A95A2948B2D4003BD4A1 /* UIView+Shadow.swift in Sources */ = {isa = PBXBuildFile; fileRef = 2EF2A9592948B2D4003BD4A1 /* UIView+Shadow.swift */; };
		2EFA0EF32946049C00B7BED0 /* OnboardCoordinator.swift in Sources */ = {isa = PBXBuildFile; fileRef = 2EFA0EF22946049C00B7BED0 /* OnboardCoordinator.swift */; };
		2EFA0EF7294604D000B7BED0 /* LoginViewController.swift in Sources */ = {isa = PBXBuildFile; fileRef = 2EFA0EF6294604D000B7BED0 /* LoginViewController.swift */; };
		2EFA0EFA294604FC00B7BED0 /* LoginReactor.swift in Sources */ = {isa = PBXBuildFile; fileRef = 2EFA0EF9294604FC00B7BED0 /* LoginReactor.swift */; };
		2EFBBC71293E0C1100788B40 /* Alamofire in Frameworks */ = {isa = PBXBuildFile; productRef = 2EFBBC70293E0C1100788B40 /* Alamofire */; };
		2EFBBC74293E0C8600788B40 /* SnapKit in Frameworks */ = {isa = PBXBuildFile; productRef = 2EFBBC73293E0C8600788B40 /* SnapKit */; };
		2EFBBC77293E0E4A00788B40 /* Then in Frameworks */ = {isa = PBXBuildFile; productRef = 2EFBBC76293E0E4A00788B40 /* Then */; };
		2EFBBC7A293E0F0700788B40 /* RxCocoa in Frameworks */ = {isa = PBXBuildFile; productRef = 2EFBBC79293E0F0700788B40 /* RxCocoa */; };
		2EFBBC7C293E0F0700788B40 /* RxRelay in Frameworks */ = {isa = PBXBuildFile; productRef = 2EFBBC7B293E0F0700788B40 /* RxRelay */; };
		2EFBBC7E293E0F0700788B40 /* RxSwift in Frameworks */ = {isa = PBXBuildFile; productRef = 2EFBBC7D293E0F0700788B40 /* RxSwift */; };
		2EFBBC84293E0F8000788B40 /* ReactorKit in Frameworks */ = {isa = PBXBuildFile; productRef = 2EFBBC83293E0F8000788B40 /* ReactorKit */; };
		2EFBBC88293E108C00788B40 /* RxMoya in Frameworks */ = {isa = PBXBuildFile; productRef = 2EFBBC87293E108C00788B40 /* RxMoya */; };
		2EFBBC8B293E115C00788B40 /* Hero in Frameworks */ = {isa = PBXBuildFile; productRef = 2EFBBC8A293E115C00788B40 /* Hero */; };
/* End PBXBuildFile section */

/* Begin PBXFileReference section */
		2E08529C2949E98200C6AC0C /* BaseOnboardViewController.swift */ = {isa = PBXFileReference; lastKnownFileType = sourcecode.swift; path = BaseOnboardViewController.swift; sourceTree = "<group>"; };
		2E08529E294A19C300C6AC0C /* UIButton+Configuration.swift */ = {isa = PBXFileReference; lastKnownFileType = sourcecode.swift; path = "UIButton+Configuration.swift"; sourceTree = "<group>"; };
		2E0852A0294B5E6700C6AC0C /* NewFamilyViewController.swift */ = {isa = PBXFileReference; lastKnownFileType = sourcecode.swift; path = NewFamilyViewController.swift; sourceTree = "<group>"; };
		2E0852A2294B5EA300C6AC0C /* NewFamilyReactor.swift */ = {isa = PBXFileReference; lastKnownFileType = sourcecode.swift; path = NewFamilyReactor.swift; sourceTree = "<group>"; };
		2E0852A4294B6C3300C6AC0C /* FamilyNameValidationState.swift */ = {isa = PBXFileReference; lastKnownFileType = sourcecode.swift; path = FamilyNameValidationState.swift; sourceTree = "<group>"; };
		2E0852A8294C8C2C00C6AC0C /* CGRect+One.swift */ = {isa = PBXFileReference; lastKnownFileType = sourcecode.swift; path = "CGRect+One.swift"; sourceTree = "<group>"; };
		2E0852AA294C967200C6AC0C /* PetListCell.swift */ = {isa = PBXFileReference; lastKnownFileType = sourcecode.swift; path = PetListCell.swift; sourceTree = "<group>"; };
		2E0852AC294C967E00C6AC0C /* PetListCellReactor.swift */ = {isa = PBXFileReference; lastKnownFileType = sourcecode.swift; path = PetListCellReactor.swift; sourceTree = "<group>"; };
		2E0852AE294C96D100C6AC0C /* BaseTableViewCell.swift */ = {isa = PBXFileReference; lastKnownFileType = sourcecode.swift; path = BaseTableViewCell.swift; sourceTree = "<group>"; };
		2E0852B0294CA45B00C6AC0C /* Pet.swift */ = {isa = PBXFileReference; lastKnownFileType = sourcecode.swift; path = Pet.swift; sourceTree = "<group>"; };
		2E0852B2294DF1F200C6AC0C /* PetListSection.swift */ = {isa = PBXFileReference; lastKnownFileType = sourcecode.swift; path = PetListSection.swift; sourceTree = "<group>"; };
		2E0F3275293E08F500127438 /* DidYouFeed.app */ = {isa = PBXFileReference; explicitFileType = wrapper.application; includeInIndex = 0; path = DidYouFeed.app; sourceTree = BUILT_PRODUCTS_DIR; };
		2E0F3278293E08F500127438 /* AppDelegate.swift */ = {isa = PBXFileReference; lastKnownFileType = sourcecode.swift; path = AppDelegate.swift; sourceTree = "<group>"; };
		2E0F327A293E08F500127438 /* SceneDelegate.swift */ = {isa = PBXFileReference; lastKnownFileType = sourcecode.swift; path = SceneDelegate.swift; sourceTree = "<group>"; };
		2E0F3281293E08F600127438 /* Assets.xcassets */ = {isa = PBXFileReference; lastKnownFileType = folder.assetcatalog; path = Assets.xcassets; sourceTree = "<group>"; };
		2E0F3284293E08F600127438 /* Base */ = {isa = PBXFileReference; lastKnownFileType = file.storyboard; name = Base; path = Base.lproj/LaunchScreen.storyboard; sourceTree = "<group>"; };
		2E0F3286293E08F600127438 /* Info.plist */ = {isa = PBXFileReference; lastKnownFileType = text.plist.xml; path = Info.plist; sourceTree = "<group>"; };
		2E686675293F481000FBB057 /* ModalViewController.swift */ = {isa = PBXFileReference; lastKnownFileType = sourcecode.swift; path = ModalViewController.swift; sourceTree = "<group>"; };
		2E68667C293F506400FBB057 /* PetSelectorView.swift */ = {isa = PBXFileReference; lastKnownFileType = sourcecode.swift; path = PetSelectorView.swift; sourceTree = "<group>"; };
		2E6866842941CA3200FBB057 /* TaskListCell.swift */ = {isa = PBXFileReference; lastKnownFileType = sourcecode.swift; path = TaskListCell.swift; sourceTree = "<group>"; };
		2E6866872941CFE600FBB057 /* Task.swift */ = {isa = PBXFileReference; lastKnownFileType = sourcecode.swift; path = Task.swift; sourceTree = "<group>"; };
		2E68668B2941D2A500FBB057 /* TaskListCellReactor.swift */ = {isa = PBXFileReference; lastKnownFileType = sourcecode.swift; path = TaskListCellReactor.swift; sourceTree = "<group>"; };
		2E68668E2941E12700FBB057 /* BaseCollectionViewCell.swift */ = {isa = PBXFileReference; lastKnownFileType = sourcecode.swift; path = BaseCollectionViewCell.swift; sourceTree = "<group>"; };
		2E6866902941F9DE00FBB057 /* BaseFloatingButton.swift */ = {isa = PBXFileReference; lastKnownFileType = sourcecode.swift; path = BaseFloatingButton.swift; sourceTree = "<group>"; };
		2E6866922941FC3300FBB057 /* FloatingButton.swift */ = {isa = PBXFileReference; lastKnownFileType = sourcecode.swift; path = FloatingButton.swift; sourceTree = "<group>"; };
		2E68669B2942CC7100FBB057 /* MockService.swift */ = {isa = PBXFileReference; lastKnownFileType = sourcecode.swift; path = MockService.swift; sourceTree = "<group>"; };
		2E68669D2943446200FBB057 /* UserDefaultsService.swift */ = {isa = PBXFileReference; lastKnownFileType = sourcecode.swift; path = UserDefaultsService.swift; sourceTree = "<group>"; };
		2E68669F2943472300FBB057 /* TaskService.swift */ = {isa = PBXFileReference; lastKnownFileType = sourcecode.swift; path = TaskService.swift; sourceTree = "<group>"; };
		2E6866A529438DAA00FBB057 /* GoogleService-Info.plist */ = {isa = PBXFileReference; fileEncoding = 4; lastKnownFileType = text.plist.xml; name = "GoogleService-Info.plist"; path = "../../../../Downloads/GoogleService-Info.plist"; sourceTree = "<group>"; };
		2E6866B4294397B700FBB057 /* TaskDTO.swift */ = {isa = PBXFileReference; lastKnownFileType = sourcecode.swift; path = TaskDTO.swift; sourceTree = "<group>"; };
		2E6866B82943B43700FBB057 /* UserDTO.swift */ = {isa = PBXFileReference; lastKnownFileType = sourcecode.swift; path = UserDTO.swift; sourceTree = "<group>"; };
		2E6866BC2945E6A500FBB057 /* FirebaseRepository.swift */ = {isa = PBXFileReference; lastKnownFileType = sourcecode.swift; path = FirebaseRepository.swift; sourceTree = "<group>"; };
		2E6866BE2945E86900FBB057 /* User.swift */ = {isa = PBXFileReference; lastKnownFileType = sourcecode.swift; path = User.swift; sourceTree = "<group>"; };
		2E6A6FE529597874003EFACF /* UserDefault.swift */ = {isa = PBXFileReference; lastKnownFileType = sourcecode.swift; path = UserDefault.swift; sourceTree = "<group>"; };
		2E6A6FE729598FEF003EFACF /* AppData.swift */ = {isa = PBXFileReference; lastKnownFileType = sourcecode.swift; path = AppData.swift; sourceTree = "<group>"; };
		2E6A6FEC2959A541003EFACF /* NameValidate.swift */ = {isa = PBXFileReference; lastKnownFileType = sourcecode.swift; path = NameValidate.swift; sourceTree = "<group>"; };
		2E8CA06A29509F1C00CF2668 /* AddPetViewController.swift */ = {isa = PBXFileReference; lastKnownFileType = sourcecode.swift; path = AddPetViewController.swift; sourceTree = "<group>"; };
		2E8CA06C2950AA5500CF2668 /* ModalType.swift */ = {isa = PBXFileReference; lastKnownFileType = sourcecode.swift; path = ModalType.swift; sourceTree = "<group>"; };
		2E8CA06E2951684300CF2668 /* Species.swift */ = {isa = PBXFileReference; lastKnownFileType = sourcecode.swift; path = Species.swift; sourceTree = "<group>"; };
		2E8CA07029516F5600CF2668 /* SpeciesCell.swift */ = {isa = PBXFileReference; lastKnownFileType = sourcecode.swift; path = SpeciesCell.swift; sourceTree = "<group>"; };
		2E8CA07229521AB200CF2668 /* SpeciesSection.swift */ = {isa = PBXFileReference; lastKnownFileType = sourcecode.swift; path = SpeciesSection.swift; sourceTree = "<group>"; };
		2E8CA0742953FEE700CF2668 /* AddPetReactor.swift */ = {isa = PBXFileReference; lastKnownFileType = sourcecode.swift; path = AddPetReactor.swift; sourceTree = "<group>"; };
		2E8CA0812955B31A00CF2668 /* CoordinatorFinishDelegate.swift */ = {isa = PBXFileReference; lastKnownFileType = sourcecode.swift; path = CoordinatorFinishDelegate.swift; sourceTree = "<group>"; };
		2E8CA0832955B51B00CF2668 /* CoordinatorType.swift */ = {isa = PBXFileReference; lastKnownFileType = sourcecode.swift; path = CoordinatorType.swift; sourceTree = "<group>"; };
		2E8CA08A2955C7EC00CF2668 /* AddPetCoordinator.swift */ = {isa = PBXFileReference; lastKnownFileType = sourcecode.swift; path = AddPetCoordinator.swift; sourceTree = "<group>"; };
		2E8CA08F295622D300CF2668 /* FirebaseStoreService.swift */ = {isa = PBXFileReference; lastKnownFileType = sourcecode.swift; path = FirebaseStoreService.swift; sourceTree = "<group>"; };
		2E8CA0912958C12A00CF2668 /* PetDTO.swift */ = {isa = PBXFileReference; lastKnownFileType = sourcecode.swift; path = PetDTO.swift; sourceTree = "<group>"; };
		2E8CA09D2958DC5600CF2668 /* UIImage+Conversion.swift */ = {isa = PBXFileReference; lastKnownFileType = sourcecode.swift; path = "UIImage+Conversion.swift"; sourceTree = "<group>"; };
		2E8CA09F2958DCAD00CF2668 /* String+Conversion.swift */ = {isa = PBXFileReference; lastKnownFileType = sourcecode.swift; path = "String+Conversion.swift"; sourceTree = "<group>"; };
		2E936603293E2D2300840A2A /* UserDefaultsKey.swift */ = {isa = PBXFileReference; lastKnownFileType = sourcecode.swift; path = UserDefaultsKey.swift; sourceTree = "<group>"; };
		2E936609293F124F00840A2A /* UIColor+Hex.swift */ = {isa = PBXFileReference; lastKnownFileType = sourcecode.swift; path = "UIColor+Hex.swift"; sourceTree = "<group>"; };
		2E93660B293F155300840A2A /* BrandColor.swift */ = {isa = PBXFileReference; lastKnownFileType = sourcecode.swift; path = BrandColor.swift; sourceTree = "<group>"; };
		2EC2DDAB2949C514003A6219 /* JoinViewController.swift */ = {isa = PBXFileReference; lastKnownFileType = sourcecode.swift; path = JoinViewController.swift; sourceTree = "<group>"; };
		2EC2DDAD2949C548003A6219 /* JoinReactor.swift */ = {isa = PBXFileReference; lastKnownFileType = sourcecode.swift; path = JoinReactor.swift; sourceTree = "<group>"; };
		2EC9695B293E208A00775EF1 /* Coordinator.swift */ = {isa = PBXFileReference; lastKnownFileType = sourcecode.swift; path = Coordinator.swift; sourceTree = "<group>"; };
		2EC9695D293E209400775EF1 /* AppCoordinator.swift */ = {isa = PBXFileReference; lastKnownFileType = sourcecode.swift; path = AppCoordinator.swift; sourceTree = "<group>"; };
		2EC96962293E20C500775EF1 /* HomeCoordinator.swift */ = {isa = PBXFileReference; lastKnownFileType = sourcecode.swift; path = HomeCoordinator.swift; sourceTree = "<group>"; };
		2EC96964293E20F000775EF1 /* HomeViewController.swift */ = {isa = PBXFileReference; lastKnownFileType = sourcecode.swift; path = HomeViewController.swift; sourceTree = "<group>"; };
		2EC96967293E216900775EF1 /* BaseViewController.swift */ = {isa = PBXFileReference; lastKnownFileType = sourcecode.swift; path = BaseViewController.swift; sourceTree = "<group>"; };
		2EC96969293E235300775EF1 /* HomeViewReactor.swift */ = {isa = PBXFileReference; lastKnownFileType = sourcecode.swift; path = HomeViewReactor.swift; sourceTree = "<group>"; };
		2EF2A94229481141003BD4A1 /* Family.swift */ = {isa = PBXFileReference; lastKnownFileType = sourcecode.swift; path = Family.swift; sourceTree = "<group>"; };
		2EF2A944294817A4003BD4A1 /* BaseTextField.swift */ = {isa = PBXFileReference; lastKnownFileType = sourcecode.swift; path = BaseTextField.swift; sourceTree = "<group>"; };
		2EF2A94B29482CF8003BD4A1 /* FirestoreService.swift */ = {isa = PBXFileReference; lastKnownFileType = sourcecode.swift; path = FirestoreService.swift; sourceTree = "<group>"; };
		2EF2A94D29482ED0003BD4A1 /* FirestoreConstants.swift */ = {isa = PBXFileReference; lastKnownFileType = sourcecode.swift; path = FirestoreConstants.swift; sourceTree = "<group>"; };
		2EF2A94F29483161003BD4A1 /* FirestoreValues.swift */ = {isa = PBXFileReference; lastKnownFileType = sourcecode.swift; path = FirestoreValues.swift; sourceTree = "<group>"; };
		2EF2A95129483781003BD4A1 /* FamilyDTO.swift */ = {isa = PBXFileReference; lastKnownFileType = sourcecode.swift; path = FamilyDTO.swift; sourceTree = "<group>"; };
		2EF2A953294866B1003BD4A1 /* ValidationState.swift */ = {isa = PBXFileReference; lastKnownFileType = sourcecode.swift; path = ValidationState.swift; sourceTree = "<group>"; };
		2EF2A9592948B2D4003BD4A1 /* UIView+Shadow.swift */ = {isa = PBXFileReference; lastKnownFileType = sourcecode.swift; path = "UIView+Shadow.swift"; sourceTree = "<group>"; };
		2EFA0EF22946049C00B7BED0 /* OnboardCoordinator.swift */ = {isa = PBXFileReference; lastKnownFileType = sourcecode.swift; path = OnboardCoordinator.swift; sourceTree = "<group>"; };
		2EFA0EF6294604D000B7BED0 /* LoginViewController.swift */ = {isa = PBXFileReference; lastKnownFileType = sourcecode.swift; path = LoginViewController.swift; sourceTree = "<group>"; };
		2EFA0EF9294604FC00B7BED0 /* LoginReactor.swift */ = {isa = PBXFileReference; lastKnownFileType = sourcecode.swift; path = LoginReactor.swift; sourceTree = "<group>"; };
/* End PBXFileReference section */

/* Begin PBXFrameworksBuildPhase section */
		2E0F3272293E08F500127438 /* Frameworks */ = {
			isa = PBXFrameworksBuildPhase;
			buildActionMask = 2147483647;
			files = (
				2EFBBC7E293E0F0700788B40 /* RxSwift in Frameworks */,
				2E8CA07A2954126300CF2668 /* RxDataSources in Frameworks */,
				2E8CA069294FE6C800CF2668 /* RxKeyboard in Frameworks */,
				2EFBBC7C293E0F0700788B40 /* RxRelay in Frameworks */,
				2EFBBC84293E0F8000788B40 /* ReactorKit in Frameworks */,
				2E6A6FEB2959A0BE003EFACF /* OrderedCollections in Frameworks */,
				2E8CA0782954126300CF2668 /* Differentiator in Frameworks */,
				2EFBBC71293E0C1100788B40 /* Alamofire in Frameworks */,
				2EFBBC77293E0E4A00788B40 /* Then in Frameworks */,
				2EFBBC88293E108C00788B40 /* RxMoya in Frameworks */,
				2EFBBC7A293E0F0700788B40 /* RxCocoa in Frameworks */,
				2E686680293F59E600FBB057 /* RxGesture in Frameworks */,
				2E8CA09C2958D7DD00CF2668 /* FirebaseStorage in Frameworks */,
				2EFBBC8B293E115C00788B40 /* Hero in Frameworks */,
				2EFBBC74293E0C8600788B40 /* SnapKit in Frameworks */,
			);
			runOnlyForDeploymentPostprocessing = 0;
		};
/* End PBXFrameworksBuildPhase section */

/* Begin PBXGroup section */
		2E0F326C293E08F500127438 = {
			isa = PBXGroup;
			children = (
				2E0F3277293E08F500127438 /* DidYouFeed */,
				2E0F3276293E08F500127438 /* Products */,
				2EF2A94629482B24003BD4A1 /* Frameworks */,
			);
			sourceTree = "<group>";
		};
		2E0F3276293E08F500127438 /* Products */ = {
			isa = PBXGroup;
			children = (
				2E0F3275293E08F500127438 /* DidYouFeed.app */,
			);
			name = Products;
			sourceTree = "<group>";
		};
		2E0F3277293E08F500127438 /* DidYouFeed */ = {
			isa = PBXGroup;
			children = (
				2EC96952293E19C200775EF1 /* Application */,
				2E6866862941CFD500FBB057 /* Model */,
				2E6866B22943978900FBB057 /* Network */,
				2EC96953293E19D200775EF1 /* Presentation */,
				2E6866BA2945E67700FBB057 /* Repository */,
				2EC96954293E19E300775EF1 /* Resources */,
				2E0F3283293E08F600127438 /* LaunchScreen.storyboard */,
				2EC96955293E1A0700775EF1 /* Supporting Files */,
				2EC9696B293E268500775EF1 /* Utils */,
			);
			path = DidYouFeed;
			sourceTree = "<group>";
		};
		2E686679293F492000FBB057 /* ViewModel */ = {
			isa = PBXGroup;
			children = (
			);
			path = ViewModel;
			sourceTree = "<group>";
		};
		2E6866862941CFD500FBB057 /* Model */ = {
			isa = PBXGroup;
			children = (
				2EF2A94229481141003BD4A1 /* Family.swift */,
				2E0852B0294CA45B00C6AC0C /* Pet.swift */,
				2E6866872941CFE600FBB057 /* Task.swift */,
				2E6866BE2945E86900FBB057 /* User.swift */,
				2E6A6FE529597874003EFACF /* UserDefault.swift */,
			);
			path = Model;
			sourceTree = "<group>";
		};
		2E68668D2941E11C00FBB057 /* View */ = {
			isa = PBXGroup;
			children = (
				2E68668E2941E12700FBB057 /* BaseCollectionViewCell.swift */,
				2E6866902941F9DE00FBB057 /* BaseFloatingButton.swift */,
				2E0852AE294C96D100C6AC0C /* BaseTableViewCell.swift */,
				2EF2A944294817A4003BD4A1 /* BaseTextField.swift */,
			);
			path = View;
			sourceTree = "<group>";
		};
		2E68669A2942CC5100FBB057 /* Services */ = {
			isa = PBXGroup;
			children = (
				2E8CA08F295622D300CF2668 /* FirebaseStoreService.swift */,
				2EF2A94B29482CF8003BD4A1 /* FirestoreService.swift */,
				2E68669B2942CC7100FBB057 /* MockService.swift */,
				2E68669F2943472300FBB057 /* TaskService.swift */,
				2E68669D2943446200FBB057 /* UserDefaultsService.swift */,
			);
			path = Services;
			sourceTree = "<group>";
		};
		2E6866B22943978900FBB057 /* Network */ = {
			isa = PBXGroup;
			children = (
				2E6866B3294397AD00FBB057 /* DataMapping */,
			);
			path = Network;
			sourceTree = "<group>";
		};
		2E6866B3294397AD00FBB057 /* DataMapping */ = {
			isa = PBXGroup;
			children = (
				2EF2A95129483781003BD4A1 /* FamilyDTO.swift */,
				2EF2A94F29483161003BD4A1 /* FirestoreValues.swift */,
				2E8CA0912958C12A00CF2668 /* PetDTO.swift */,
				2E6866B4294397B700FBB057 /* TaskDTO.swift */,
				2E6866B82943B43700FBB057 /* UserDTO.swift */,
			);
			path = DataMapping;
			sourceTree = "<group>";
		};
		2E6866BA2945E67700FBB057 /* Repository */ = {
			isa = PBXGroup;
			children = (
				2E6866BB2945E68300FBB057 /* Common */,
			);
			path = Repository;
			sourceTree = "<group>";
		};
		2E6866BB2945E68300FBB057 /* Common */ = {
			isa = PBXGroup;
			children = (
				2E6866BC2945E6A500FBB057 /* FirebaseRepository.swift */,
			);
			path = Common;
			sourceTree = "<group>";
		};
		2E6A6FEE2959A545003EFACF /* Protocol */ = {
			isa = PBXGroup;
			children = (
				2E6A6FEC2959A541003EFACF /* NameValidate.swift */,
			);
			path = Protocol;
			sourceTree = "<group>";
		};
		2E8CA07F295474FF00CF2668 /* Protocol */ = {
			isa = PBXGroup;
			children = (
				2EC9695B293E208A00775EF1 /* Coordinator.swift */,
			);
			path = Protocol;
			sourceTree = "<group>";
		};
		2E8CA0802955B2ED00CF2668 /* Delegate */ = {
			isa = PBXGroup;
			children = (
				2E8CA0812955B31A00CF2668 /* CoordinatorFinishDelegate.swift */,
			);
			path = Delegate;
			sourceTree = "<group>";
		};
		2E936602293E2B3500840A2A /* ViewModel */ = {
			isa = PBXGroup;
			children = (
				2EC96969293E235300775EF1 /* HomeViewReactor.swift */,
			);
			path = ViewModel;
			sourceTree = "<group>";
		};
		2E936608293F123F00840A2A /* Extensions */ = {
			isa = PBXGroup;
			children = (
				2E0852A8294C8C2C00C6AC0C /* CGRect+One.swift */,
				2E8CA09F2958DCAD00CF2668 /* String+Conversion.swift */,
				2E08529E294A19C300C6AC0C /* UIButton+Configuration.swift */,
				2E936609293F124F00840A2A /* UIColor+Hex.swift */,
				2E8CA09D2958DC5600CF2668 /* UIImage+Conversion.swift */,
				2EF2A9592948B2D4003BD4A1 /* UIView+Shadow.swift */,
			);
			path = Extensions;
			sourceTree = "<group>";
		};
		2EC96952293E19C200775EF1 /* Application */ = {
			isa = PBXGroup;
			children = (
				2E6A6FE729598FEF003EFACF /* AppData.swift */,
				2E0F3278293E08F500127438 /* AppDelegate.swift */,
				2E0F327A293E08F500127438 /* SceneDelegate.swift */,
			);
			path = Application;
			sourceTree = "<group>";
		};
		2EC96953293E19D200775EF1 /* Presentation */ = {
			isa = PBXGroup;
			children = (
				2EC96959293E207D00775EF1 /* Common */,
				2EC96958293E207400775EF1 /* HomeScene */,
				2EFA0EF02946046A00B7BED0 /* LoginScene */,
			);
			path = Presentation;
			sourceTree = "<group>";
		};
		2EC96954293E19E300775EF1 /* Resources */ = {
			isa = PBXGroup;
			children = (
				2E0F3281293E08F600127438 /* Assets.xcassets */,
			);
			path = Resources;
			sourceTree = "<group>";
		};
		2EC96955293E1A0700775EF1 /* Supporting Files */ = {
			isa = PBXGroup;
			children = (
				2E6866A529438DAA00FBB057 /* GoogleService-Info.plist */,
				2E0F3286293E08F600127438 /* Info.plist */,
			);
			name = "Supporting Files";
			sourceTree = "<group>";
		};
		2EC96958293E207400775EF1 /* HomeScene */ = {
			isa = PBXGroup;
			children = (
				2EC96961293E20B900775EF1 /* Coordinator */,
				2EC96960293E20B500775EF1 /* View */,
				2EC9695F293E20AC00775EF1 /* ViewController */,
				2E936602293E2B3500840A2A /* ViewModel */,
			);
			path = HomeScene;
			sourceTree = "<group>";
		};
		2EC96959293E207D00775EF1 /* Common */ = {
			isa = PBXGroup;
			children = (
				2EC9695A293E208100775EF1 /* Coordinator */,
				2EC9696F293E270C00775EF1 /* Delegate */,
				2E68668D2941E11C00FBB057 /* View */,
				2EC96966293E215A00775EF1 /* ViewController */,
				2E686679293F492000FBB057 /* ViewModel */,
			);
			path = Common;
			sourceTree = "<group>";
		};
		2EC9695A293E208100775EF1 /* Coordinator */ = {
			isa = PBXGroup;
			children = (
				2E8CA0802955B2ED00CF2668 /* Delegate */,
				2E8CA07F295474FF00CF2668 /* Protocol */,
				2EC9695D293E209400775EF1 /* AppCoordinator.swift */,
			);
			path = Coordinator;
			sourceTree = "<group>";
		};
		2EC9695F293E20AC00775EF1 /* ViewController */ = {
			isa = PBXGroup;
			children = (
				2EC96964293E20F000775EF1 /* HomeViewController.swift */,
			);
			path = ViewController;
			sourceTree = "<group>";
		};
		2EC96960293E20B500775EF1 /* View */ = {
			isa = PBXGroup;
			children = (
				2E6866922941FC3300FBB057 /* FloatingButton.swift */,
				2E68667C293F506400FBB057 /* PetSelectorView.swift */,
				2E6866842941CA3200FBB057 /* TaskListCell.swift */,
				2E68668B2941D2A500FBB057 /* TaskListCellReactor.swift */,
			);
			path = View;
			sourceTree = "<group>";
		};
		2EC96961293E20B900775EF1 /* Coordinator */ = {
			isa = PBXGroup;
			children = (
				2EC96962293E20C500775EF1 /* HomeCoordinator.swift */,
			);
			path = Coordinator;
			sourceTree = "<group>";
		};
		2EC96966293E215A00775EF1 /* ViewController */ = {
			isa = PBXGroup;
			children = (
				2EC96967293E216900775EF1 /* BaseViewController.swift */,
				2E686675293F481000FBB057 /* ModalViewController.swift */,
			);
			path = ViewController;
			sourceTree = "<group>";
		};
		2EC9696B293E268500775EF1 /* Utils */ = {
			isa = PBXGroup;
			children = (
				2EC9696C293E26AE00775EF1 /* Constants */,
				2E936608293F123F00840A2A /* Extensions */,
				2E68669A2942CC5100FBB057 /* Services */,
			);
			path = Utils;
			sourceTree = "<group>";
		};
		2EC9696C293E26AE00775EF1 /* Constants */ = {
			isa = PBXGroup;
			children = (
				2E93660B293F155300840A2A /* BrandColor.swift */,
				2E8CA0832955B51B00CF2668 /* CoordinatorType.swift */,
				2E0852A4294B6C3300C6AC0C /* FamilyNameValidationState.swift */,
				2EF2A94D29482ED0003BD4A1 /* FirestoreConstants.swift */,
				2E936603293E2D2300840A2A /* UserDefaultsKey.swift */,
				2E8CA06C2950AA5500CF2668 /* ModalType.swift */,
				2EF2A953294866B1003BD4A1 /* ValidationState.swift */,
				2E8CA06E2951684300CF2668 /* Species.swift */,
			);
			path = Constants;
			sourceTree = "<group>";
		};
		2EC9696F293E270C00775EF1 /* Delegate */ = {
			isa = PBXGroup;
			children = (
			);
			path = Delegate;
			sourceTree = "<group>";
		};
		2EF2A94629482B24003BD4A1 /* Frameworks */ = {
			isa = PBXGroup;
			children = (
			);
			name = Frameworks;
			sourceTree = "<group>";
		};
		2EFA0EF02946046A00B7BED0 /* LoginScene */ = {
			isa = PBXGroup;
			children = (
				2EFA0EF12946048F00B7BED0 /* Coordinator */,
				2EFA0EF4294604B700B7BED0 /* View */,
				2EFA0EF5294604BC00B7BED0 /* ViewController */,
				2EFA0EF8294604EA00B7BED0 /* ViewModel */,
			);
			path = LoginScene;
			sourceTree = "<group>";
		};
		2EFA0EF12946048F00B7BED0 /* Coordinator */ = {
			isa = PBXGroup;
			children = (
				2E8CA08A2955C7EC00CF2668 /* AddPetCoordinator.swift */,
				2EFA0EF22946049C00B7BED0 /* OnboardCoordinator.swift */,
			);
			path = Coordinator;
			sourceTree = "<group>";
		};
		2EFA0EF4294604B700B7BED0 /* View */ = {
			isa = PBXGroup;
			children = (
				2E0852AA294C967200C6AC0C /* PetListCell.swift */,
				2E0852AC294C967E00C6AC0C /* PetListCellReactor.swift */,
				2E8CA07029516F5600CF2668 /* SpeciesCell.swift */,
			);
			path = View;
			sourceTree = "<group>";
		};
		2EFA0EF5294604BC00B7BED0 /* ViewController */ = {
			isa = PBXGroup;
			children = (
				2E8CA06A29509F1C00CF2668 /* AddPetViewController.swift */,
				2E08529C2949E98200C6AC0C /* BaseOnboardViewController.swift */,
				2EC2DDAB2949C514003A6219 /* JoinViewController.swift */,
				2EFA0EF6294604D000B7BED0 /* LoginViewController.swift */,
				2E0852A0294B5E6700C6AC0C /* NewFamilyViewController.swift */,
			);
			path = ViewController;
			sourceTree = "<group>";
		};
		2EFA0EF8294604EA00B7BED0 /* ViewModel */ = {
			isa = PBXGroup;
			children = (
				2E6A6FEE2959A545003EFACF /* Protocol */,
				2E8CA0742953FEE700CF2668 /* AddPetReactor.swift */,
				2EC2DDAD2949C548003A6219 /* JoinReactor.swift */,
				2EFA0EF9294604FC00B7BED0 /* LoginReactor.swift */,
				2E0852A2294B5EA300C6AC0C /* NewFamilyReactor.swift */,
				2E0852B2294DF1F200C6AC0C /* PetListSection.swift */,
				2E8CA07229521AB200CF2668 /* SpeciesSection.swift */,
			);
			path = ViewModel;
			sourceTree = "<group>";
		};
/* End PBXGroup section */

/* Begin PBXNativeTarget section */
		2E0F3274293E08F500127438 /* DidYouFeed */ = {
			isa = PBXNativeTarget;
			buildConfigurationList = 2E0F3289293E08F600127438 /* Build configuration list for PBXNativeTarget "DidYouFeed" */;
			buildPhases = (
				2E0F3271293E08F500127438 /* Sources */,
				2E0F3272293E08F500127438 /* Frameworks */,
				2E0F3273293E08F500127438 /* Resources */,
			);
			buildRules = (
			);
			dependencies = (
			);
			name = DidYouFeed;
			packageProductDependencies = (
				2EFBBC70293E0C1100788B40 /* Alamofire */,
				2EFBBC73293E0C8600788B40 /* SnapKit */,
				2EFBBC76293E0E4A00788B40 /* Then */,
				2EFBBC79293E0F0700788B40 /* RxCocoa */,
				2EFBBC7B293E0F0700788B40 /* RxRelay */,
				2EFBBC7D293E0F0700788B40 /* RxSwift */,
				2EFBBC83293E0F8000788B40 /* ReactorKit */,
				2EFBBC87293E108C00788B40 /* RxMoya */,
				2EFBBC8A293E115C00788B40 /* Hero */,
				2E68667F293F59E600FBB057 /* RxGesture */,
				2E8CA068294FE6C800CF2668 /* RxKeyboard */,
				2E8CA0772954126300CF2668 /* Differentiator */,
				2E8CA0792954126300CF2668 /* RxDataSources */,
				2E8CA09B2958D7DD00CF2668 /* FirebaseStorage */,
				2E6A6FEA2959A0BE003EFACF /* OrderedCollections */,
			);
			productName = DidYouFeed;
			productReference = 2E0F3275293E08F500127438 /* DidYouFeed.app */;
			productType = "com.apple.product-type.application";
		};
/* End PBXNativeTarget section */

/* Begin PBXProject section */
		2E0F326D293E08F500127438 /* Project object */ = {
			isa = PBXProject;
			attributes = {
				BuildIndependentTargetsInParallel = 1;
				LastSwiftUpdateCheck = 1410;
				LastUpgradeCheck = 1410;
				TargetAttributes = {
					2E0F3274293E08F500127438 = {
						CreatedOnToolsVersion = 14.1;
					};
				};
			};
			buildConfigurationList = 2E0F3270293E08F500127438 /* Build configuration list for PBXProject "DidYouFeed" */;
			compatibilityVersion = "Xcode 14.0";
			developmentRegion = en;
			hasScannedForEncodings = 0;
			knownRegions = (
				en,
				Base,
			);
			mainGroup = 2E0F326C293E08F500127438;
			packageReferences = (
				2EFBBC6F293E0C1100788B40 /* XCRemoteSwiftPackageReference "Alamofire" */,
				2EFBBC72293E0C8600788B40 /* XCRemoteSwiftPackageReference "SnapKit" */,
				2EFBBC75293E0E4A00788B40 /* XCRemoteSwiftPackageReference "Then" */,
				2EFBBC78293E0F0700788B40 /* XCRemoteSwiftPackageReference "RxSwift" */,
				2EFBBC82293E0F8000788B40 /* XCRemoteSwiftPackageReference "ReactorKit" */,
				2EFBBC86293E108C00788B40 /* XCRemoteSwiftPackageReference "Moya" */,
				2EFBBC89293E115C00788B40 /* XCRemoteSwiftPackageReference "Hero" */,
				2E68667E293F59E500FBB057 /* XCRemoteSwiftPackageReference "RxGesture" */,
				2E8CA067294FE6C800CF2668 /* XCRemoteSwiftPackageReference "RxKeyboard" */,
				2E8CA0762954126300CF2668 /* XCRemoteSwiftPackageReference "RxDataSources" */,
				2E8CA09A2958D7DD00CF2668 /* XCRemoteSwiftPackageReference "firebase-ios-sdk" */,
				2E6A6FE92959A0BE003EFACF /* XCRemoteSwiftPackageReference "swift-collections" */,
			);
			productRefGroup = 2E0F3276293E08F500127438 /* Products */;
			projectDirPath = "";
			projectRoot = "";
			targets = (
				2E0F3274293E08F500127438 /* DidYouFeed */,
			);
		};
/* End PBXProject section */

/* Begin PBXResourcesBuildPhase section */
		2E0F3273293E08F500127438 /* Resources */ = {
			isa = PBXResourcesBuildPhase;
			buildActionMask = 2147483647;
			files = (
				2E0F3285293E08F600127438 /* LaunchScreen.storyboard in Resources */,
				2E0F3282293E08F600127438 /* Assets.xcassets in Resources */,
				2E6866A629438DAA00FBB057 /* GoogleService-Info.plist in Resources */,
			);
			runOnlyForDeploymentPostprocessing = 0;
		};
/* End PBXResourcesBuildPhase section */

/* Begin PBXSourcesBuildPhase section */
		2E0F3271293E08F500127438 /* Sources */ = {
			isa = PBXSourcesBuildPhase;
			buildActionMask = 2147483647;
			files = (
				2E68668C2941D2A500FBB057 /* TaskListCellReactor.swift in Sources */,
				2EF2A945294817A4003BD4A1 /* BaseTextField.swift in Sources */,
				2E6866912941F9DE00FBB057 /* BaseFloatingButton.swift in Sources */,
				2E08529F294A19C300C6AC0C /* UIButton+Configuration.swift in Sources */,
				2E936604293E2D2300840A2A /* UserDefaultsKey.swift in Sources */,
				2E68669E2943446200FBB057 /* UserDefaultsService.swift in Sources */,
				2E8CA07329521AB200CF2668 /* SpeciesSection.swift in Sources */,
				2E8CA0A02958DCAD00CF2668 /* String+Conversion.swift in Sources */,
				2E8CA0822955B31A00CF2668 /* CoordinatorFinishDelegate.swift in Sources */,
				2E8CA08B2955C7EC00CF2668 /* AddPetCoordinator.swift in Sources */,
				2EC96963293E20C500775EF1 /* HomeCoordinator.swift in Sources */,
				2E68667D293F506400FBB057 /* PetSelectorView.swift in Sources */,
				2EC9695E293E209400775EF1 /* AppCoordinator.swift in Sources */,
				2E6866A02943472300FBB057 /* TaskService.swift in Sources */,
				2E8CA07129516F5600CF2668 /* SpeciesCell.swift in Sources */,
				2E8CA0842955B51B00CF2668 /* CoordinatorType.swift in Sources */,
				2E68668F2941E12700FBB057 /* BaseCollectionViewCell.swift in Sources */,
				2E93660C293F155300840A2A /* BrandColor.swift in Sources */,
				2EC2DDAE2949C548003A6219 /* JoinReactor.swift in Sources */,
				2EC2DDAC2949C514003A6219 /* JoinViewController.swift in Sources */,
				2E8CA06F2951684300CF2668 /* Species.swift in Sources */,
				2E0852B1294CA45B00C6AC0C /* Pet.swift in Sources */,
				2EFA0EF7294604D000B7BED0 /* LoginViewController.swift in Sources */,
				2E6866B92943B43700FBB057 /* UserDTO.swift in Sources */,
				2E0852AB294C967200C6AC0C /* PetListCell.swift in Sources */,
				2E0852AD294C967E00C6AC0C /* PetListCellReactor.swift in Sources */,
				2E0852A3294B5EA300C6AC0C /* NewFamilyReactor.swift in Sources */,
				2E0852B3294DF1F200C6AC0C /* PetListSection.swift in Sources */,
				2E8CA0752953FEE700CF2668 /* AddPetReactor.swift in Sources */,
				2E686676293F481000FBB057 /* ModalViewController.swift in Sources */,
				2EF2A95A2948B2D4003BD4A1 /* UIView+Shadow.swift in Sources */,
				2E68669C2942CC7100FBB057 /* MockService.swift in Sources */,
				2EFA0EF32946049C00B7BED0 /* OnboardCoordinator.swift in Sources */,
				2EFA0EFA294604FC00B7BED0 /* LoginReactor.swift in Sources */,
				2E0852A5294B6C3300C6AC0C /* FamilyNameValidationState.swift in Sources */,
				2EF2A95229483781003BD4A1 /* FamilyDTO.swift in Sources */,
				2EF2A94E29482ED0003BD4A1 /* FirestoreConstants.swift in Sources */,
				2E0852AF294C96D100C6AC0C /* BaseTableViewCell.swift in Sources */,
				2E6866882941CFE600FBB057 /* Task.swift in Sources */,
				2E6A6FE829598FEF003EFACF /* AppData.swift in Sources */,
				2E0F3279293E08F500127438 /* AppDelegate.swift in Sources */,
				2E6866BF2945E86900FBB057 /* User.swift in Sources */,
				2E8CA06B29509F1C00CF2668 /* AddPetViewController.swift in Sources */,
				2E0F327B293E08F500127438 /* SceneDelegate.swift in Sources */,
				2EC9696A293E235300775EF1 /* HomeViewReactor.swift in Sources */,
				2EF2A94C29482CF8003BD4A1 /* FirestoreService.swift in Sources */,
				2E8CA090295622D300CF2668 /* FirebaseStoreService.swift in Sources */,
				2E8CA06D2950AA5500CF2668 /* ModalType.swift in Sources */,
				2E8CA0922958C12A00CF2668 /* PetDTO.swift in Sources */,
				2EF2A94329481141003BD4A1 /* Family.swift in Sources */,
				2E6866B5294397B700FBB057 /* TaskDTO.swift in Sources */,
				2EF2A95029483161003BD4A1 /* FirestoreValues.swift in Sources */,
				2E6866BD2945E6A500FBB057 /* FirebaseRepository.swift in Sources */,
				2E0852A9294C8C2C00C6AC0C /* CGRect+One.swift in Sources */,
				2EC9695C293E208A00775EF1 /* Coordinator.swift in Sources */,
				2EC96968293E216900775EF1 /* BaseViewController.swift in Sources */,
				2E6A6FED2959A541003EFACF /* NameValidate.swift in Sources */,
				2EC96965293E20F000775EF1 /* HomeViewController.swift in Sources */,
				2E8CA09E2958DC5600CF2668 /* UIImage+Conversion.swift in Sources */,
				2E6866932941FC3300FBB057 /* FloatingButton.swift in Sources */,
				2E0852A1294B5E6700C6AC0C /* NewFamilyViewController.swift in Sources */,
				2E6866852941CA3200FBB057 /* TaskListCell.swift in Sources */,
				2EF2A954294866B1003BD4A1 /* ValidationState.swift in Sources */,
				2E6A6FE629597874003EFACF /* UserDefault.swift in Sources */,
				2E08529D2949E98200C6AC0C /* BaseOnboardViewController.swift in Sources */,
				2E93660A293F124F00840A2A /* UIColor+Hex.swift in Sources */,
			);
			runOnlyForDeploymentPostprocessing = 0;
		};
/* End PBXSourcesBuildPhase section */

/* Begin PBXVariantGroup section */
		2E0F3283293E08F600127438 /* LaunchScreen.storyboard */ = {
			isa = PBXVariantGroup;
			children = (
				2E0F3284293E08F600127438 /* Base */,
			);
			name = LaunchScreen.storyboard;
			sourceTree = "<group>";
		};
/* End PBXVariantGroup section */

/* Begin XCBuildConfiguration section */
		2E0F3287293E08F600127438 /* Debug */ = {
			isa = XCBuildConfiguration;
			buildSettings = {
				ALWAYS_SEARCH_USER_PATHS = NO;
				CLANG_ANALYZER_NONNULL = YES;
				CLANG_ANALYZER_NUMBER_OBJECT_CONVERSION = YES_AGGRESSIVE;
				CLANG_CXX_LANGUAGE_STANDARD = "gnu++20";
				CLANG_ENABLE_MODULES = YES;
				CLANG_ENABLE_OBJC_ARC = YES;
				CLANG_ENABLE_OBJC_WEAK = YES;
				CLANG_WARN_BLOCK_CAPTURE_AUTORELEASING = YES;
				CLANG_WARN_BOOL_CONVERSION = YES;
				CLANG_WARN_COMMA = YES;
				CLANG_WARN_CONSTANT_CONVERSION = YES;
				CLANG_WARN_DEPRECATED_OBJC_IMPLEMENTATIONS = YES;
				CLANG_WARN_DIRECT_OBJC_ISA_USAGE = YES_ERROR;
				CLANG_WARN_DOCUMENTATION_COMMENTS = YES;
				CLANG_WARN_EMPTY_BODY = YES;
				CLANG_WARN_ENUM_CONVERSION = YES;
				CLANG_WARN_INFINITE_RECURSION = YES;
				CLANG_WARN_INT_CONVERSION = YES;
				CLANG_WARN_NON_LITERAL_NULL_CONVERSION = YES;
				CLANG_WARN_OBJC_IMPLICIT_RETAIN_SELF = YES;
				CLANG_WARN_OBJC_LITERAL_CONVERSION = YES;
				CLANG_WARN_OBJC_ROOT_CLASS = YES_ERROR;
				CLANG_WARN_QUOTED_INCLUDE_IN_FRAMEWORK_HEADER = YES;
				CLANG_WARN_RANGE_LOOP_ANALYSIS = YES;
				CLANG_WARN_STRICT_PROTOTYPES = YES;
				CLANG_WARN_SUSPICIOUS_MOVE = YES;
				CLANG_WARN_UNGUARDED_AVAILABILITY = YES_AGGRESSIVE;
				CLANG_WARN_UNREACHABLE_CODE = YES;
				CLANG_WARN__DUPLICATE_METHOD_MATCH = YES;
				COPY_PHASE_STRIP = NO;
				DEBUG_INFORMATION_FORMAT = dwarf;
				ENABLE_STRICT_OBJC_MSGSEND = YES;
				ENABLE_TESTABILITY = YES;
				GCC_C_LANGUAGE_STANDARD = gnu11;
				GCC_DYNAMIC_NO_PIC = NO;
				GCC_NO_COMMON_BLOCKS = YES;
				GCC_OPTIMIZATION_LEVEL = 0;
				GCC_PREPROCESSOR_DEFINITIONS = (
					"DEBUG=1",
					"$(inherited)",
				);
				GCC_WARN_64_TO_32_BIT_CONVERSION = YES;
				GCC_WARN_ABOUT_RETURN_TYPE = YES_ERROR;
				GCC_WARN_UNDECLARED_SELECTOR = YES;
				GCC_WARN_UNINITIALIZED_AUTOS = YES_AGGRESSIVE;
				GCC_WARN_UNUSED_FUNCTION = YES;
				GCC_WARN_UNUSED_VARIABLE = YES;
				IPHONEOS_DEPLOYMENT_TARGET = 15.0;
				MTL_ENABLE_DEBUG_INFO = INCLUDE_SOURCE;
				MTL_FAST_MATH = YES;
				ONLY_ACTIVE_ARCH = YES;
				SDKROOT = iphoneos;
				SWIFT_ACTIVE_COMPILATION_CONDITIONS = DEBUG;
				SWIFT_OPTIMIZATION_LEVEL = "-Onone";
			};
			name = Debug;
		};
		2E0F3288293E08F600127438 /* Release */ = {
			isa = XCBuildConfiguration;
			buildSettings = {
				ALWAYS_SEARCH_USER_PATHS = NO;
				CLANG_ANALYZER_NONNULL = YES;
				CLANG_ANALYZER_NUMBER_OBJECT_CONVERSION = YES_AGGRESSIVE;
				CLANG_CXX_LANGUAGE_STANDARD = "gnu++20";
				CLANG_ENABLE_MODULES = YES;
				CLANG_ENABLE_OBJC_ARC = YES;
				CLANG_ENABLE_OBJC_WEAK = YES;
				CLANG_WARN_BLOCK_CAPTURE_AUTORELEASING = YES;
				CLANG_WARN_BOOL_CONVERSION = YES;
				CLANG_WARN_COMMA = YES;
				CLANG_WARN_CONSTANT_CONVERSION = YES;
				CLANG_WARN_DEPRECATED_OBJC_IMPLEMENTATIONS = YES;
				CLANG_WARN_DIRECT_OBJC_ISA_USAGE = YES_ERROR;
				CLANG_WARN_DOCUMENTATION_COMMENTS = YES;
				CLANG_WARN_EMPTY_BODY = YES;
				CLANG_WARN_ENUM_CONVERSION = YES;
				CLANG_WARN_INFINITE_RECURSION = YES;
				CLANG_WARN_INT_CONVERSION = YES;
				CLANG_WARN_NON_LITERAL_NULL_CONVERSION = YES;
				CLANG_WARN_OBJC_IMPLICIT_RETAIN_SELF = YES;
				CLANG_WARN_OBJC_LITERAL_CONVERSION = YES;
				CLANG_WARN_OBJC_ROOT_CLASS = YES_ERROR;
				CLANG_WARN_QUOTED_INCLUDE_IN_FRAMEWORK_HEADER = YES;
				CLANG_WARN_RANGE_LOOP_ANALYSIS = YES;
				CLANG_WARN_STRICT_PROTOTYPES = YES;
				CLANG_WARN_SUSPICIOUS_MOVE = YES;
				CLANG_WARN_UNGUARDED_AVAILABILITY = YES_AGGRESSIVE;
				CLANG_WARN_UNREACHABLE_CODE = YES;
				CLANG_WARN__DUPLICATE_METHOD_MATCH = YES;
				COPY_PHASE_STRIP = NO;
				DEBUG_INFORMATION_FORMAT = "dwarf-with-dsym";
				ENABLE_NS_ASSERTIONS = NO;
				ENABLE_STRICT_OBJC_MSGSEND = YES;
				GCC_C_LANGUAGE_STANDARD = gnu11;
				GCC_NO_COMMON_BLOCKS = YES;
				GCC_WARN_64_TO_32_BIT_CONVERSION = YES;
				GCC_WARN_ABOUT_RETURN_TYPE = YES_ERROR;
				GCC_WARN_UNDECLARED_SELECTOR = YES;
				GCC_WARN_UNINITIALIZED_AUTOS = YES_AGGRESSIVE;
				GCC_WARN_UNUSED_FUNCTION = YES;
				GCC_WARN_UNUSED_VARIABLE = YES;
				IPHONEOS_DEPLOYMENT_TARGET = 15.0;
				MTL_ENABLE_DEBUG_INFO = NO;
				MTL_FAST_MATH = YES;
				SDKROOT = iphoneos;
				SWIFT_COMPILATION_MODE = wholemodule;
				SWIFT_OPTIMIZATION_LEVEL = "-O";
				VALIDATE_PRODUCT = YES;
			};
			name = Release;
		};
		2E0F328A293E08F600127438 /* Debug */ = {
			isa = XCBuildConfiguration;
			buildSettings = {
				ASSETCATALOG_COMPILER_APPICON_NAME = AppIcon;
				ASSETCATALOG_COMPILER_GLOBAL_ACCENT_COLOR_NAME = AccentColor;
				CODE_SIGN_STYLE = Automatic;
				CURRENT_PROJECT_VERSION = 1;
				DEVELOPMENT_TEAM = XW996HTK32;
				GENERATE_INFOPLIST_FILE = YES;
				INFOPLIST_FILE = DidYouFeed/Info.plist;
				INFOPLIST_KEY_CFBundleDisplayName = "밥줬어?";
				INFOPLIST_KEY_LSApplicationCategoryType = "public.app-category.lifestyle";
				INFOPLIST_KEY_UIApplicationSupportsIndirectInputEvents = YES;
				INFOPLIST_KEY_UILaunchStoryboardName = LaunchScreen;
				INFOPLIST_KEY_UISupportedInterfaceOrientations = UIInterfaceOrientationPortrait;
				INFOPLIST_KEY_UISupportedInterfaceOrientations_iPad = "UIInterfaceOrientationLandscapeLeft UIInterfaceOrientationLandscapeRight UIInterfaceOrientationPortrait UIInterfaceOrientationPortraitUpsideDown";
				IPHONEOS_DEPLOYMENT_TARGET = 15.0;
				LD_RUNPATH_SEARCH_PATHS = (
					"$(inherited)",
					"@executable_path/Frameworks",
				);
				MARKETING_VERSION = 1.0;
				OTHER_LDFLAGS = "-ObjC";
				PRODUCT_BUNDLE_IDENTIFIER = stansign.DidYouFeed;
				PRODUCT_NAME = "$(TARGET_NAME)";
				SUPPORTED_PLATFORMS = "iphoneos iphonesimulator";
				SUPPORTS_MACCATALYST = NO;
				SUPPORTS_MAC_DESIGNED_FOR_IPHONE_IPAD = NO;
				SWIFT_EMIT_LOC_STRINGS = YES;
				SWIFT_VERSION = 5.0;
				TARGETED_DEVICE_FAMILY = 1;
			};
			name = Debug;
		};
		2E0F328B293E08F600127438 /* Release */ = {
			isa = XCBuildConfiguration;
			buildSettings = {
				ASSETCATALOG_COMPILER_APPICON_NAME = AppIcon;
				ASSETCATALOG_COMPILER_GLOBAL_ACCENT_COLOR_NAME = AccentColor;
				CODE_SIGN_STYLE = Automatic;
				CURRENT_PROJECT_VERSION = 1;
				DEVELOPMENT_TEAM = XW996HTK32;
				GENERATE_INFOPLIST_FILE = YES;
				INFOPLIST_FILE = DidYouFeed/Info.plist;
				INFOPLIST_KEY_CFBundleDisplayName = "밥줬어?";
				INFOPLIST_KEY_LSApplicationCategoryType = "public.app-category.lifestyle";
				INFOPLIST_KEY_UIApplicationSupportsIndirectInputEvents = YES;
				INFOPLIST_KEY_UILaunchStoryboardName = LaunchScreen;
				INFOPLIST_KEY_UISupportedInterfaceOrientations = UIInterfaceOrientationPortrait;
				INFOPLIST_KEY_UISupportedInterfaceOrientations_iPad = "UIInterfaceOrientationLandscapeLeft UIInterfaceOrientationLandscapeRight UIInterfaceOrientationPortrait UIInterfaceOrientationPortraitUpsideDown";
				IPHONEOS_DEPLOYMENT_TARGET = 15.0;
				LD_RUNPATH_SEARCH_PATHS = (
					"$(inherited)",
					"@executable_path/Frameworks",
				);
				MARKETING_VERSION = 1.0;
				OTHER_LDFLAGS = "-ObjC";
				PRODUCT_BUNDLE_IDENTIFIER = stansign.DidYouFeed;
				PRODUCT_NAME = "$(TARGET_NAME)";
				SUPPORTED_PLATFORMS = "iphoneos iphonesimulator";
				SUPPORTS_MACCATALYST = NO;
				SUPPORTS_MAC_DESIGNED_FOR_IPHONE_IPAD = NO;
				SWIFT_EMIT_LOC_STRINGS = YES;
				SWIFT_VERSION = 5.0;
				TARGETED_DEVICE_FAMILY = 1;
			};
			name = Release;
		};
/* End XCBuildConfiguration section */

/* Begin XCConfigurationList section */
		2E0F3270293E08F500127438 /* Build configuration list for PBXProject "DidYouFeed" */ = {
			isa = XCConfigurationList;
			buildConfigurations = (
				2E0F3287293E08F600127438 /* Debug */,
				2E0F3288293E08F600127438 /* Release */,
			);
			defaultConfigurationIsVisible = 0;
			defaultConfigurationName = Release;
		};
		2E0F3289293E08F600127438 /* Build configuration list for PBXNativeTarget "DidYouFeed" */ = {
			isa = XCConfigurationList;
			buildConfigurations = (
				2E0F328A293E08F600127438 /* Debug */,
				2E0F328B293E08F600127438 /* Release */,
			);
			defaultConfigurationIsVisible = 0;
			defaultConfigurationName = Release;
		};
/* End XCConfigurationList section */

/* Begin XCRemoteSwiftPackageReference section */
		2E68667E293F59E500FBB057 /* XCRemoteSwiftPackageReference "RxGesture" */ = {
			isa = XCRemoteSwiftPackageReference;
			repositoryURL = "https://github.com/RxSwiftCommunity/RxGesture";
			requirement = {
				kind = upToNextMajorVersion;
				minimumVersion = 4.0.0;
			};
		};
		2E6A6FE92959A0BE003EFACF /* XCRemoteSwiftPackageReference "swift-collections" */ = {
			isa = XCRemoteSwiftPackageReference;
			repositoryURL = "https://github.com/apple/swift-collections.git";
			requirement = {
				kind = upToNextMajorVersion;
				minimumVersion = 1.0.0;
			};
		};
		2E8CA067294FE6C800CF2668 /* XCRemoteSwiftPackageReference "RxKeyboard" */ = {
			isa = XCRemoteSwiftPackageReference;
			repositoryURL = "https://github.com/RxSwiftCommunity/RxKeyboard";
			requirement = {
				kind = upToNextMajorVersion;
				minimumVersion = 2.0.0;
			};
		};
		2E8CA0762954126300CF2668 /* XCRemoteSwiftPackageReference "RxDataSources" */ = {
			isa = XCRemoteSwiftPackageReference;
			repositoryURL = "https://github.com/RxSwiftCommunity/RxDataSources";
			requirement = {
				kind = upToNextMajorVersion;
				minimumVersion = 5.0.0;
			};
		};
		2E8CA09A2958D7DD00CF2668 /* XCRemoteSwiftPackageReference "firebase-ios-sdk" */ = {
			isa = XCRemoteSwiftPackageReference;
			repositoryURL = "https://github.com/firebase/firebase-ios-sdk";
			requirement = {
				kind = upToNextMajorVersion;
				minimumVersion = 9.0.0;
			};
		};
		2EFBBC6F293E0C1100788B40 /* XCRemoteSwiftPackageReference "Alamofire" */ = {
			isa = XCRemoteSwiftPackageReference;
			repositoryURL = "https://github.com/Alamofire/Alamofire";
			requirement = {
				kind = upToNextMajorVersion;
				minimumVersion = 5.0.0;
			};
		};
		2EFBBC72293E0C8600788B40 /* XCRemoteSwiftPackageReference "SnapKit" */ = {
			isa = XCRemoteSwiftPackageReference;
			repositoryURL = "https://github.com/SnapKit/SnapKit";
			requirement = {
				kind = upToNextMajorVersion;
				minimumVersion = 5.0.0;
			};
		};
		2EFBBC75293E0E4A00788B40 /* XCRemoteSwiftPackageReference "Then" */ = {
			isa = XCRemoteSwiftPackageReference;
			repositoryURL = "https://github.com/devxoul/Then";
			requirement = {
				kind = upToNextMajorVersion;
				minimumVersion = 3.0.0;
			};
		};
		2EFBBC78293E0F0700788B40 /* XCRemoteSwiftPackageReference "RxSwift" */ = {
			isa = XCRemoteSwiftPackageReference;
			repositoryURL = "https://github.com/ReactiveX/RxSwift";
			requirement = {
				kind = upToNextMajorVersion;
				minimumVersion = 6.0.0;
			};
		};
		2EFBBC82293E0F8000788B40 /* XCRemoteSwiftPackageReference "ReactorKit" */ = {
			isa = XCRemoteSwiftPackageReference;
			repositoryURL = "https://github.com/ReactorKit/ReactorKit";
			requirement = {
				kind = upToNextMajorVersion;
				minimumVersion = 3.0.0;
			};
		};
		2EFBBC86293E108C00788B40 /* XCRemoteSwiftPackageReference "Moya" */ = {
			isa = XCRemoteSwiftPackageReference;
			repositoryURL = "https://github.com/Moya/Moya";
			requirement = {
				kind = upToNextMajorVersion;
				minimumVersion = 15.0.0;
			};
		};
		2EFBBC89293E115C00788B40 /* XCRemoteSwiftPackageReference "Hero" */ = {
			isa = XCRemoteSwiftPackageReference;
			repositoryURL = "https://github.com/HeroTransitions/Hero";
			requirement = {
				kind = upToNextMajorVersion;
				minimumVersion = 1.0.0;
			};
		};
/* End XCRemoteSwiftPackageReference section */

/* Begin XCSwiftPackageProductDependency section */
		2E68667F293F59E600FBB057 /* RxGesture */ = {
			isa = XCSwiftPackageProductDependency;
			package = 2E68667E293F59E500FBB057 /* XCRemoteSwiftPackageReference "RxGesture" */;
			productName = RxGesture;
		};
		2E6A6FEA2959A0BE003EFACF /* OrderedCollections */ = {
			isa = XCSwiftPackageProductDependency;
			package = 2E6A6FE92959A0BE003EFACF /* XCRemoteSwiftPackageReference "swift-collections" */;
			productName = OrderedCollections;
		};
		2E8CA068294FE6C800CF2668 /* RxKeyboard */ = {
			isa = XCSwiftPackageProductDependency;
			package = 2E8CA067294FE6C800CF2668 /* XCRemoteSwiftPackageReference "RxKeyboard" */;
			productName = RxKeyboard;
		};
		2E8CA0772954126300CF2668 /* Differentiator */ = {
			isa = XCSwiftPackageProductDependency;
			package = 2E8CA0762954126300CF2668 /* XCRemoteSwiftPackageReference "RxDataSources" */;
			productName = Differentiator;
		};
		2E8CA0792954126300CF2668 /* RxDataSources */ = {
			isa = XCSwiftPackageProductDependency;
			package = 2E8CA0762954126300CF2668 /* XCRemoteSwiftPackageReference "RxDataSources" */;
			productName = RxDataSources;
		};
		2E8CA09B2958D7DD00CF2668 /* FirebaseStorage */ = {
			isa = XCSwiftPackageProductDependency;
			package = 2E8CA09A2958D7DD00CF2668 /* XCRemoteSwiftPackageReference "firebase-ios-sdk" */;
			productName = FirebaseStorage;
		};
		2EFBBC70293E0C1100788B40 /* Alamofire */ = {
			isa = XCSwiftPackageProductDependency;
			package = 2EFBBC6F293E0C1100788B40 /* XCRemoteSwiftPackageReference "Alamofire" */;
			productName = Alamofire;
		};
		2EFBBC73293E0C8600788B40 /* SnapKit */ = {
			isa = XCSwiftPackageProductDependency;
			package = 2EFBBC72293E0C8600788B40 /* XCRemoteSwiftPackageReference "SnapKit" */;
			productName = SnapKit;
		};
		2EFBBC76293E0E4A00788B40 /* Then */ = {
			isa = XCSwiftPackageProductDependency;
			package = 2EFBBC75293E0E4A00788B40 /* XCRemoteSwiftPackageReference "Then" */;
			productName = Then;
		};
		2EFBBC79293E0F0700788B40 /* RxCocoa */ = {
			isa = XCSwiftPackageProductDependency;
			package = 2EFBBC78293E0F0700788B40 /* XCRemoteSwiftPackageReference "RxSwift" */;
			productName = RxCocoa;
		};
		2EFBBC7B293E0F0700788B40 /* RxRelay */ = {
			isa = XCSwiftPackageProductDependency;
			package = 2EFBBC78293E0F0700788B40 /* XCRemoteSwiftPackageReference "RxSwift" */;
			productName = RxRelay;
		};
		2EFBBC7D293E0F0700788B40 /* RxSwift */ = {
			isa = XCSwiftPackageProductDependency;
			package = 2EFBBC78293E0F0700788B40 /* XCRemoteSwiftPackageReference "RxSwift" */;
			productName = RxSwift;
		};
		2EFBBC83293E0F8000788B40 /* ReactorKit */ = {
			isa = XCSwiftPackageProductDependency;
			package = 2EFBBC82293E0F8000788B40 /* XCRemoteSwiftPackageReference "ReactorKit" */;
			productName = ReactorKit;
		};
		2EFBBC87293E108C00788B40 /* RxMoya */ = {
			isa = XCSwiftPackageProductDependency;
			package = 2EFBBC86293E108C00788B40 /* XCRemoteSwiftPackageReference "Moya" */;
			productName = RxMoya;
		};
		2EFBBC8A293E115C00788B40 /* Hero */ = {
			isa = XCSwiftPackageProductDependency;
			package = 2EFBBC89293E115C00788B40 /* XCRemoteSwiftPackageReference "Hero" */;
			productName = Hero;
		};
/* End XCSwiftPackageProductDependency section */
	};
	rootObject = 2E0F326D293E08F500127438 /* Project object */;
}
